<Project xmlns="http://schemas.microsoft.com/developer/msbuild/2003">
    <PropertyGroup>
        <DelphiLibraryPath>../../</DelphiLibraryPath>
        <DelphiTranslatedLibraryPath>../../../</DelphiTranslatedLibraryPath>
        <DCC_UnitSearchPath>../</DCC_UnitSearchPath>
    </PropertyGroup>
</Project>
