	<Project xmlns="http://schemas.microsoft.com/developer/msbuild/2003">
		<PropertyGroup>
			<ProjectGuid>{B52C9430-8CBA-4EAF-AB75-8B59305E40D0}</ProjectGuid>
			<MainSource>SimpleDelphiProject.dpr</MainSource>
			<Config Condition="'$(Config)'==''">Debug</Config>
			<DCC_DCCCompiler>DCC32</DCC_DCCCompiler>
			<ProjectVersion>12.0</ProjectVersion>
		</PropertyGroup>
		<PropertyGroup Condition="'$(Config)'=='Base' or '$(Base)'!=''">
			<Base>true</Base>
		</PropertyGroup>
		<PropertyGroup Condition="'$(Config)'=='Release' or '$(Cfg_1)'!=''">
			<Cfg_1>true</Cfg_1>
			<CfgParent>Base</CfgParent>
			<Base>true</Base>
		</PropertyGroup>
		<PropertyGroup Condition="'$(Config)'=='Debug' or '$(Cfg_2)'!=''">
			<Cfg_2>true</Cfg_2>
			<CfgParent>Base</CfgParent>
			<Base>true</Base>
		</PropertyGroup>
		<PropertyGroup Condition="'$(Base)'!=''">
			<DCC_TYPEINFO_IMPLICITLY_ADDED>false</DCC_TYPEINFO_IMPLICITLY_ADDED>
			<DCC_SUSPICIOUS_TYPECAST>error</DCC_SUSPICIOUS_TYPECAST>
			<DCC_IMPLICIT_STRING_CAST_LOSS>false</DCC_IMPLICIT_STRING_CAST_LOSS>
			<DCC_IMPLICIT_STRING_CAST>false</DCC_IMPLICIT_STRING_CAST>
			<DCC_DependencyCheckOutputName>..\Bin\CMBatch.exe</DCC_DependencyCheckOutputName>
			<DCC_UnitSearchPath>..\includes1;..\includes2;$(DCC_UnitSearchPath)</DCC_UnitSearchPath>
			<DCC_Define>GGMSGDEBUGx;LOGTOFILEx;FullDebugMode;$(DCC_Define)</DCC_Define>
			<DCC_ImageBase>00400000</DCC_ImageBase>
			<DCC_WriteableConstants>true</DCC_WriteableConstants>
			<DCC_UsePackage>vcl;rtl;dbrtl;adortl;vcldb;vclx;bdertl;ibxpress;dsnap;cds;bdecds;qrpt;teeui;teedb;tee;vcldbx;dss;teeqr;dsnapcrba;dsnapcon;VclSmp;vclshlctrls;inetdb;inet;nmfast;vclie;dbexpress;dbxcds;indy;DRBLib;xmlrtl;inetdbbde;inetdbxpress;webdsnap;websnap;soaprtl;dclOffice2k</DCC_UsePackage>
			<DCC_RangeChecking>true</DCC_RangeChecking>
			<DCC_UnitAlias>WinTypes=Windows;WinProcs=Windows;DbiTypes=BDE;DbiProcs=BDE;DbiErrs=BDE;$(DCC_UnitAlias)</DCC_UnitAlias>
			<DCC_Optimize>false</DCC_Optimize>
			<DCC_ExeOutput>..\Bin</DCC_ExeOutput>
			<DCC_Platform>x86</DCC_Platform>
			<DCC_MaxStackSize>16777216</DCC_MaxStackSize>
			<DCC_F>false</DCC_F>
			<DCC_E>false</DCC_E>
			<DCC_K>false</DCC_K>
			<DCC_S>true</DCC_S>
			<DCC_N>true</DCC_N>
			<DCC_SymbolReferenceInfo>1</DCC_SymbolReferenceInfo>
			<DCC_StrictVarStrings>false</DCC_StrictVarStrings>
			<DCC_DcuOutput>..\dcu</DCC_DcuOutput>
			<DCC_IntegerOverflowCheck>true</DCC_IntegerOverflowCheck>
			<DCC_AssertionsAtRuntime>false</DCC_AssertionsAtRuntime>
		</PropertyGroup>
		<PropertyGroup Condition="'$(Cfg_1)'!=''">
			<DCC_LocalDebugSymbols>false</DCC_LocalDebugSymbols>
			<DCC_Define>RELEASE;$(DCC_Define)</DCC_Define>
			<DCC_SymbolReferenceInfo>0</DCC_SymbolReferenceInfo>
			<DCC_DebugInformation>false</DCC_DebugInformation>
		</PropertyGroup>
		<PropertyGroup Condition="'$(Cfg_2)'!=''">
			<DCC_Define>DEBUG;$(DCC_Define)</DCC_Define>
		</PropertyGroup>
		<ItemGroup>
			<DelphiCompile Include="SimpleDelphiProject.dpr">
				<MainSource>MainSource</MainSource>
			</DelphiCompile>
			<DCCReference Include="..\Globals.pas"/>
			<DCCReference Include="..\MainWindow.pas">	
				<Form>frmMainWindow</Form>
			</DCCReference>
			<DCCReference Include="..\branch\OverloadTest.pas"/>
			<DCCReference Include="..\branch\StatementTest.pas"/>			
			<DCCReference Include="..\tools\CommentsTest.pas"/>			
			<DCCReference Include="..\tools\AccessorsTest.Pas"/>			
			<DCCReference Include="..\tools\FunctionTest.pas"/>						
			<DCCReference Include="..\tools\GlobalsTest.pas"/>
			<BuildConfiguration Include="Base">
				<Key>Base</Key>
			</BuildConfiguration>
			<BuildConfiguration Include="Debug">
				<Key>Cfg_2</Key>
				<CfgParent>Base</CfgParent>
			</BuildConfiguration>
			<BuildConfiguration Include="Release">
				<Key>Cfg_1</Key>
				<CfgParent>Base</CfgParent>
			</BuildConfiguration>
		</ItemGroup>
		<Import Project="$(BDS)\Bin\CodeGear.Delphi.Targets" Condition="Exists('$(BDS)\Bin\CodeGear.Delphi.Targets')"/>
		<PropertyGroup>
			<PostBuildEvent><![CDATA[if "$(Config)" == "Release" (tdspack -a -e -o $(OUTPUTPATH))]]></PostBuildEvent>
		</PropertyGroup>
		<ProjectExtensions>
			<Borland.Personality>Delphi.Personality.12</Borland.Personality>
			<Borland.ProjectType>VCLApplication</Borland.ProjectType>
			<BorlandProject>
				<Delphi.Personality>
					<Source>
						<Source Name="MainSource">CMBatch.dpr</Source>
					</Source>
					<Parameters>
						<Parameters Name="RunParams"></Parameters>
						<Parameters Name="UseLauncher">False</Parameters>
						<Parameters Name="LoadAllSymbols">True</Parameters>
						<Parameters Name="LoadUnspecifiedSymbols">False</Parameters>
					</Parameters>
					<VersionInfo>
						<VersionInfo Name="IncludeVerInfo">True</VersionInfo>
						<VersionInfo Name="AutoIncBuild">False</VersionInfo>
						<VersionInfo Name="MajorVer">2010</VersionInfo>
						<VersionInfo Name="MinorVer">2</VersionInfo>
						<VersionInfo Name="Release">0</VersionInfo>
						<VersionInfo Name="Build">0</VersionInfo>
						<VersionInfo Name="Debug">False</VersionInfo>
						<VersionInfo Name="PreRelease">False</VersionInfo>
						<VersionInfo Name="Special">False</VersionInfo>
						<VersionInfo Name="Private">False</VersionInfo>
						<VersionInfo Name="DLL">False</VersionInfo>
						<VersionInfo Name="Locale">1033</VersionInfo>
						<VersionInfo Name="CodePage">1252</VersionInfo>
					</VersionInfo>
					<VersionInfoKeys>
						<VersionInfoKeys Name="CompanyName">Company</VersionInfoKeys>
						<VersionInfoKeys Name="FileDescription">File desc</VersionInfoKeys>
						<VersionInfoKeys Name="FileVersion">2010.2.0.0</VersionInfoKeys>
						<VersionInfoKeys Name="InternalName">XYZ</VersionInfoKeys>
						<VersionInfoKeys Name="LegalCopyright">Copyright 2011 Company Inc.</VersionInfoKeys>
						<VersionInfoKeys Name="LegalTrademarks"/>
						<VersionInfoKeys Name="OriginalFilename">FILE.EXE</VersionInfoKeys>
						<VersionInfoKeys Name="ProductName">Simple Delphi Product</VersionInfoKeys>
						<VersionInfoKeys Name="ProductVersion">1.0.0.0</VersionInfoKeys>
						<VersionInfoKeys Name="Comments"/>
					</VersionInfoKeys>
				</Delphi.Personality>
			</BorlandProject>
			<ProjectFileVersion>12</ProjectFileVersion>
		</ProjectExtensions>
	</Project>
